
Microsoft Visual Studio Solution File, Format Version 12.00
# Visual Studio Version 17
VisualStudioVersion = 17.7.34009.444
MinimumVisualStudioVersion = 10.0.40219.1
Project("{2150E333-8FDC-42A3-9474-1A3956D46DE8}") = "src", "src", "{AF29437B-069F-4F0C-B9B2-E05D22914738}"
EndProject
Project("{2150E333-8FDC-42A3-9474-1A3956D46DE8}") = "tests", "tests", "{DD97475F-C333-4816-8573-CE012691A60D}"
EndProject
Project("{2150E333-8FDC-42A3-9474-1A3956D46DE8}") = "Backend", "Backend", "{18B9B6A5-961B-4CDB-9BC6-0EB0311A85F0}"
EndProject
Project("{2150E333-8FDC-42A3-9474-1A3956D46DE8}") = "Shared", "Shared", "{06AEBBE6-E6AF-4734-82DB-9A53E66A12D7}"
EndProject
Project("{9A19103F-16F7-4668-BE54-9A1E7A4F7556}") = "MyRecipeBook.Exceptions", "src\Shared\MyRecipeBook.Exceptions\MyRecipeBook.Exceptions.csproj", "{5B09AF06-ADFB-43B7-B875-62DEF87E1C9C}"
EndProject
Project("{9A19103F-16F7-4668-BE54-9A1E7A4F7556}") = "MyRecipeBook.Application", "src\Backend\MyRecipeBook.Application\MyRecipeBook.Application.csproj", "{981FAB1D-833D-4484-AC87-773C0AAD72F5}"
EndProject
Project("{9A19103F-16F7-4668-BE54-9A1E7A4F7556}") = "MyRecipeBook.Domain", "src\Backend\MyRecipeBook.Domain\MyRecipeBook.Domain.csproj", "{A15D06EC-2F48-4B2F-9B37-9ED5F68965D6}"
EndProject
Project("{9A19103F-16F7-4668-BE54-9A1E7A4F7556}") = "MyRecipeBook.Api", "src\Backend\MyRecipeBook.Api\MyRecipeBook.Api.csproj", "{D2BAFE71-9ECA-4F17-8D8F-267D5972C98B}"
EndProject
Project("{9A19103F-16F7-4668-BE54-9A1E7A4F7556}") = "MyRecipeBook.Infrastructure", "src\Backend\MyRecipeBook.Infrastructure\MyRecipeBook.Infrastructure.csproj", "{0C61E286-CD8F-40A0-82FB-7BA9A1174B46}"
EndProject
Project("{9A19103F-16F7-4668-BE54-9A1E7A4F7556}") = "UseCase.Test", "tests\UseCase.Test\UseCase.Test.csproj", "{B2F62273-EE6F-4B4F-BDC7-1EF81B0D8FAB}"
EndProject
Project("{9A19103F-16F7-4668-BE54-9A1E7A4F7556}") = "Validator.Test", "tests\Validator.Test\Validator.Test.csproj", "{991D1EA6-F8B8-424E-AD02-A5270B3FD998}"
EndProject
Project("{9A19103F-16F7-4668-BE54-9A1E7A4F7556}") = "Web.Api.Test", "tests\Web.Api.Test\Web.Api.Test.csproj", "{FBAC3908-28C8-4924-B0A8-87393AD9C202}"
EndProject
Project("{9A19103F-16F7-4668-BE54-9A1E7A4F7556}") = "Unity.Test.Utils", "tests\Unity.Test.Utils\Unity.Test.Utils.csproj", "{7A98DA58-93CC-49C9-AF05-7528B4A2056A}"
EndProject
Project("{9A19103F-16F7-4668-BE54-9A1E7A4F7556}") = "MyRecipeBook.Communication", "src\Shared\MyRecipeBook.Communication\MyRecipeBook.Communication.csproj", "{FCB20967-E140-4993-8F3E-F7237E21C257}"
EndProject
Global
	GlobalSection(SolutionConfigurationPlatforms) = preSolution
		Debug|Any CPU = Debug|Any CPU
		Release|Any CPU = Release|Any CPU
	EndGlobalSection
	GlobalSection(ProjectConfigurationPlatforms) = postSolution
		{5B09AF06-ADFB-43B7-B875-62DEF87E1C9C}.Debug|Any CPU.ActiveCfg = Debug|Any CPU
		{5B09AF06-ADFB-43B7-B875-62DEF87E1C9C}.Debug|Any CPU.Build.0 = Debug|Any CPU
		{5B09AF06-ADFB-43B7-B875-62DEF87E1C9C}.Release|Any CPU.ActiveCfg = Release|Any CPU
		{5B09AF06-ADFB-43B7-B875-62DEF87E1C9C}.Release|Any CPU.Build.0 = Release|Any CPU
		{981FAB1D-833D-4484-AC87-773C0AAD72F5}.Debug|Any CPU.ActiveCfg = Debug|Any CPU
		{981FAB1D-833D-4484-AC87-773C0AAD72F5}.Debug|Any CPU.Build.0 = Debug|Any CPU
		{981FAB1D-833D-4484-AC87-773C0AAD72F5}.Release|Any CPU.ActiveCfg = Release|Any CPU
		{981FAB1D-833D-4484-AC87-773C0AAD72F5}.Release|Any CPU.Build.0 = Release|Any CPU
		{A15D06EC-2F48-4B2F-9B37-9ED5F68965D6}.Debug|Any CPU.ActiveCfg = Debug|Any CPU
		{A15D06EC-2F48-4B2F-9B37-9ED5F68965D6}.Debug|Any CPU.Build.0 = Debug|Any CPU
		{A15D06EC-2F48-4B2F-9B37-9ED5F68965D6}.Release|Any CPU.ActiveCfg = Release|Any CPU
		{A15D06EC-2F48-4B2F-9B37-9ED5F68965D6}.Release|Any CPU.Build.0 = Release|Any CPU
		{D2BAFE71-9ECA-4F17-8D8F-267D5972C98B}.Debug|Any CPU.ActiveCfg = Debug|Any CPU
		{D2BAFE71-9ECA-4F17-8D8F-267D5972C98B}.Debug|Any CPU.Build.0 = Debug|Any CPU
		{D2BAFE71-9ECA-4F17-8D8F-267D5972C98B}.Release|Any CPU.ActiveCfg = Release|Any CPU
		{D2BAFE71-9ECA-4F17-8D8F-267D5972C98B}.Release|Any CPU.Build.0 = Release|Any CPU
		{0C61E286-CD8F-40A0-82FB-7BA9A1174B46}.Debug|Any CPU.ActiveCfg = Debug|Any CPU
		{0C61E286-CD8F-40A0-82FB-7BA9A1174B46}.Debug|Any CPU.Build.0 = Debug|Any CPU
		{0C61E286-CD8F-40A0-82FB-7BA9A1174B46}.Release|Any CPU.ActiveCfg = Release|Any CPU
		{0C61E286-CD8F-40A0-82FB-7BA9A1174B46}.Release|Any CPU.Build.0 = Release|Any CPU
		{B2F62273-EE6F-4B4F-BDC7-1EF81B0D8FAB}.Debug|Any CPU.ActiveCfg = Debug|Any CPU
		{B2F62273-EE6F-4B4F-BDC7-1EF81B0D8FAB}.Debug|Any CPU.Build.0 = Debug|Any CPU
		{B2F62273-EE6F-4B4F-BDC7-1EF81B0D8FAB}.Release|Any CPU.ActiveCfg = Release|Any CPU
		{B2F62273-EE6F-4B4F-BDC7-1EF81B0D8FAB}.Release|Any CPU.Build.0 = Release|Any CPU
		{991D1EA6-F8B8-424E-AD02-A5270B3FD998}.Debug|Any CPU.ActiveCfg = Debug|Any CPU
		{991D1EA6-F8B8-424E-AD02-A5270B3FD998}.Debug|Any CPU.Build.0 = Debug|Any CPU
		{991D1EA6-F8B8-424E-AD02-A5270B3FD998}.Release|Any CPU.ActiveCfg = Release|Any CPU
		{991D1EA6-F8B8-424E-AD02-A5270B3FD998}.Release|Any CPU.Build.0 = Release|Any CPU
		{FBAC3908-28C8-4924-B0A8-87393AD9C202}.Debug|Any CPU.ActiveCfg = Debug|Any CPU
		{FBAC3908-28C8-4924-B0A8-87393AD9C202}.Debug|Any CPU.Build.0 = Debug|Any CPU
		{FBAC3908-28C8-4924-B0A8-87393AD9C202}.Release|Any CPU.ActiveCfg = Release|Any CPU
		{FBAC3908-28C8-4924-B0A8-87393AD9C202}.Release|Any CPU.Build.0 = Release|Any CPU
		{7A98DA58-93CC-49C9-AF05-7528B4A2056A}.Debug|Any CPU.ActiveCfg = Debug|Any CPU
		{7A98DA58-93CC-49C9-AF05-7528B4A2056A}.Debug|Any CPU.Build.0 = Debug|Any CPU
		{7A98DA58-93CC-49C9-AF05-7528B4A2056A}.Release|Any CPU.ActiveCfg = Release|Any CPU
		{7A98DA58-93CC-49C9-AF05-7528B4A2056A}.Release|Any CPU.Build.0 = Release|Any CPU
		{FCB20967-E140-4993-8F3E-F7237E21C257}.Debug|Any CPU.ActiveCfg = Debug|Any CPU
		{FCB20967-E140-4993-8F3E-F7237E21C257}.Debug|Any CPU.Build.0 = Debug|Any CPU
		{FCB20967-E140-4993-8F3E-F7237E21C257}.Release|Any CPU.ActiveCfg = Release|Any CPU
		{FCB20967-E140-4993-8F3E-F7237E21C257}.Release|Any CPU.Build.0 = Release|Any CPU
	EndGlobalSection
	GlobalSection(SolutionProperties) = preSolution
		HideSolutionNode = FALSE
	EndGlobalSection
	GlobalSection(NestedProjects) = preSolution
		{18B9B6A5-961B-4CDB-9BC6-0EB0311A85F0} = {AF29437B-069F-4F0C-B9B2-E05D22914738}
		{06AEBBE6-E6AF-4734-82DB-9A53E66A12D7} = {AF29437B-069F-4F0C-B9B2-E05D22914738}
		{5B09AF06-ADFB-43B7-B875-62DEF87E1C9C} = {06AEBBE6-E6AF-4734-82DB-9A53E66A12D7}
		{981FAB1D-833D-4484-AC87-773C0AAD72F5} = {18B9B6A5-961B-4CDB-9BC6-0EB0311A85F0}
		{A15D06EC-2F48-4B2F-9B37-9ED5F68965D6} = {18B9B6A5-961B-4CDB-9BC6-0EB0311A85F0}
		{D2BAFE71-9ECA-4F17-8D8F-267D5972C98B} = {18B9B6A5-961B-4CDB-9BC6-0EB0311A85F0}
		{0C61E286-CD8F-40A0-82FB-7BA9A1174B46} = {18B9B6A5-961B-4CDB-9BC6-0EB0311A85F0}
		{B2F62273-EE6F-4B4F-BDC7-1EF81B0D8FAB} = {DD97475F-C333-4816-8573-CE012691A60D}
		{991D1EA6-F8B8-424E-AD02-A5270B3FD998} = {DD97475F-C333-4816-8573-CE012691A60D}
		{FBAC3908-28C8-4924-B0A8-87393AD9C202} = {DD97475F-C333-4816-8573-CE012691A60D}
		{7A98DA58-93CC-49C9-AF05-7528B4A2056A} = {DD97475F-C333-4816-8573-CE012691A60D}
		{FCB20967-E140-4993-8F3E-F7237E21C257} = {06AEBBE6-E6AF-4734-82DB-9A53E66A12D7}
	EndGlobalSection
	GlobalSection(ExtensibilityGlobals) = postSolution
		SolutionGuid = {B34536B1-48E8-4242-991E-C84B553E7053}
	EndGlobalSection
EndGlobal
